{
    "_meta": {
        "hash": {
            "sha256": "c9c7140587bc8b688fcae1e4778b699ff0863bd77b2b6311467c221664f473a7"
        },
        "pipfile-spec": 6,
        "requires": {
            "python_version": "3.6"
        },
        "sources": [
            {
                "name": "pypi",
                "url": "https://pypi.org/simple",
                "verify_ssl": true
            }
        ]
    },
    "default": {
        "whitenoise": {
            "hashes": [
                "sha256:1e206c5adfb849942ddd057e599ac472ec1a85d56ae78a5ba24f243ea46a89c5",
                "sha256:a6f86b011675b9730f69fd69d4f54c5697d6c7a90ab06f83f784d243d9fccc02"
            ],
            "index": "pypi",
            "version": "==4.0"
        }
    },
    "develop": {}
}
